# generated by rye
# use `rye lock` or `rye sync` to update this lockfile
#
# last locked with the following flags:
#   pre: false
#   features: []
#   all-features: false
#   with-sources: false

-e file:.
alembic==1.13.1
    # via db
greenlet==3.0.3
    # via sqlalchemy
mako==1.3.3
    # via alembic
markupsafe==2.1.5
    # via mako
mysqlclient==2.1.1
    # via db
sqlalchemy==2.0.29
    # via alembic
    # via db
    # via sqlalchemy-utils
sqlalchemy-utils==0.41.2
    # via db
typing-extensions==4.11.0
    # via alembic
    # via sqlalchemy
