# generated by rye
# use `rye lock` or `rye sync` to update this lockfile
#
# last locked with the following flags:
#   pre: false
#   features: []
#   all-features: false
#   with-sources: false

-e file:.
annotated-types==0.6.0
    # via pydantic
exceptiongroup==1.2.1
    # via pytest
greenlet==3.0.3
    # via sqlalchemy
grpcio==1.62.2
    # via grpcio-reflection
    # via grpcio-tools
    # via movie
grpcio-reflection==1.62.2
    # via movie
grpcio-tools==1.62.2
    # via movie
iniconfig==2.0.0
    # via pytest
mysqlclient==2.1.1
    # via movie
packaging==24.0
    # via pytest
pluggy==1.5.0
    # via pytest
protobuf==4.25.3
    # via grpcio-reflection
    # via grpcio-tools
pydantic==2.7.1
    # via movie
    # via pydantic-settings
pydantic-core==2.18.2
    # via pydantic
pydantic-settings==2.2.1
    # via movie
pytest==8.2.0
    # via movie
    # via pytest-mock
pytest-mock==3.14.0
    # via movie
python-dotenv==1.0.1
    # via pydantic-settings
sqlalchemy==2.0.29
    # via movie
tomli==2.0.1
    # via pytest
typing-extensions==4.11.0
    # via pydantic
    # via pydantic-core
    # via sqlalchemy
setuptools==69.5.1
    # via grpcio-tools
