# generated by rye
# use `rye lock` or `rye sync` to update this lockfile
#
# last locked with the following flags:
#   pre: false
#   features: []
#   all-features: false
#   with-sources: false

-e file:.
grpcio==1.62.2
    # via grpcio-reflection
    # via grpcio-tools
    # via movie
grpcio-reflection==1.62.2
    # via movie
grpcio-tools==1.62.2
    # via movie
protobuf==4.25.3
    # via grpcio-reflection
    # via grpcio-tools
setuptools==69.5.1
    # via grpcio-tools
